Microsoft Visual Studio Solution File, Format Version 11.00
# Visual Studio 2008

Project("{C0C52EDB-7CF3-D013-07CA-4F07EED89648}") = "Custom2048", "Assembly-CSharp.csproj", "{19914290-7E24-A860-7645-406873F1BF1A}"
EndProject
Project("{C0C52EDB-7CF3-D013-07CA-4F07EED89648}") = "Custom2048", "Assembly-CSharp-Editor.csproj", "{B2C7EFD5-CBDE-EE0D-A2C7-491BBC7AD1A4}"
EndProject
Global
	GlobalSection(SolutionConfigurationPlatforms) = preSolution
		Debug|Any CPU = Debug|Any CPU
		Release|Any CPU = Release|Any CPU
	EndGlobalSection
	GlobalSection(ProjectConfigurationPlatforms) = postSolution
		{19914290-7E24-A860-7645-406873F1BF1A}.Debug|Any CPU.ActiveCfg = Debug|Any CPU
		{19914290-7E24-A860-7645-406873F1BF1A}.Debug|Any CPU.Build.0 = Debug|Any CPU
		{19914290-7E24-A860-7645-406873F1BF1A}.Release|Any CPU.ActiveCfg = Release|Any CPU
		{19914290-7E24-A860-7645-406873F1BF1A}.Release|Any CPU.Build.0 = Release|Any CPU
		{B2C7EFD5-CBDE-EE0D-A2C7-491BBC7AD1A4}.Debug|Any CPU.ActiveCfg = Debug|Any CPU
		{B2C7EFD5-CBDE-EE0D-A2C7-491BBC7AD1A4}.Debug|Any CPU.Build.0 = Debug|Any CPU
		{B2C7EFD5-CBDE-EE0D-A2C7-491BBC7AD1A4}.Release|Any CPU.ActiveCfg = Release|Any CPU
		{B2C7EFD5-CBDE-EE0D-A2C7-491BBC7AD1A4}.Release|Any CPU.Build.0 = Release|Any CPU
	EndGlobalSection
	GlobalSection(SolutionProperties) = preSolution
		HideSolutionNode = FALSE
	EndGlobalSection
	GlobalSection(MonoDevelopProperties) = preSolution
		StartupItem = Assembly-CSharp.csproj
	EndGlobalSection
EndGlobal
